// !$*UTF8*$!
{
	archiveVersion = 1;
	classes = {
	};
	objectVersion = 55;
	objects = {

/* Begin PBXBuildFile section */
		234AB50B290394200071EFCB /* BTCPresentationController.swift in Sources */ = {isa = PBXBuildFile; fileRef = 234AB50A290394200071EFCB /* BTCPresentationController.swift */; };
		2350905E29026BEC00D809A2 /* OProgressView.swift in Sources */ = {isa = PBXBuildFile; fileRef = 2350905D29026BEC00D809A2 /* OProgressView.swift */; };
		235090872902D1BB00D809A2 /* HistoryRateTableViewCell.swift in Sources */ = {isa = PBXBuildFile; fileRef = 235090862902D1BB00D809A2 /* HistoryRateTableViewCell.swift */; };
		235090892902D57300D809A2 /* RateHistoryTableViewController.swift in Sources */ = {isa = PBXBuildFile; fileRef = 235090882902D57300D809A2 /* RateHistoryTableViewController.swift */; };
		235F44812903BBB400A9A5F2 /* BTCPopDismissAnimationController.swift in Sources */ = {isa = PBXBuildFile; fileRef = 235F44802903BBB400A9A5F2 /* BTCPopDismissAnimationController.swift */; };
		235F44832903C1E300A9A5F2 /* BTCRecordSortViewController.swift in Sources */ = {isa = PBXBuildFile; fileRef = 235F44822903C1E300A9A5F2 /* BTCRecordSortViewController.swift */; };
		236851BA2905726A00D70148 /* BitcoinsFakeTests.swift in Sources */ = {isa = PBXBuildFile; fileRef = 236851B92905726A00D70148 /* BitcoinsFakeTests.swift */; };
		236851BE2905795100D70148 /* BTCURLSessionMockTest.swift in Sources */ = {isa = PBXBuildFile; fileRef = 236851BD2905795100D70148 /* BTCURLSessionMockTest.swift */; };
		236851C029058AEE00D70148 /* BTCNetworkMonitor.swift in Sources */ = {isa = PBXBuildFile; fileRef = 236851BF29058AEE00D70148 /* BTCNetworkMonitor.swift */; };
		238F37C029005CB900AFC008 /* AppDelegate.swift in Sources */ = {isa = PBXBuildFile; fileRef = 238F37BF29005CB900AFC008 /* AppDelegate.swift */; };
		238F37C229005CB900AFC008 /* SceneDelegate.swift in Sources */ = {isa = PBXBuildFile; fileRef = 238F37C129005CB900AFC008 /* SceneDelegate.swift */; };
		238F37C429005CB900AFC008 /* ViewController.swift in Sources */ = {isa = PBXBuildFile; fileRef = 238F37C329005CB900AFC008 /* ViewController.swift */; };
		238F37C729005CB900AFC008 /* Main.storyboard in Resources */ = {isa = PBXBuildFile; fileRef = 238F37C529005CB900AFC008 /* Main.storyboard */; };
		238F37CA29005CB900AFC008 /* Bitcoins.xcdatamodeld in Sources */ = {isa = PBXBuildFile; fileRef = 238F37C829005CB900AFC008 /* Bitcoins.xcdatamodeld */; };
		238F37CC29005CBA00AFC008 /* Assets.xcassets in Resources */ = {isa = PBXBuildFile; fileRef = 238F37CB29005CBA00AFC008 /* Assets.xcassets */; };
		238F37CF29005CBA00AFC008 /* LaunchScreen.storyboard in Resources */ = {isa = PBXBuildFile; fileRef = 238F37CD29005CBA00AFC008 /* LaunchScreen.storyboard */; };
		238F37DA29005CBB00AFC008 /* BitcoinsTests.swift in Sources */ = {isa = PBXBuildFile; fileRef = 238F37D929005CBB00AFC008 /* BitcoinsTests.swift */; };
		238F37E429005CBB00AFC008 /* BitcoinsUITests.swift in Sources */ = {isa = PBXBuildFile; fileRef = 238F37E329005CBB00AFC008 /* BitcoinsUITests.swift */; };
		238F37E629005CBB00AFC008 /* BitcoinsUITestsLaunchTests.swift in Sources */ = {isa = PBXBuildFile; fileRef = 238F37E529005CBB00AFC008 /* BitcoinsUITestsLaunchTests.swift */; };
/* End PBXBuildFile section */

/* Begin PBXContainerItemProxy section */
		238F37D629005CBB00AFC008 /* PBXContainerItemProxy */ = {
			isa = PBXContainerItemProxy;
			containerPortal = 238F37B429005CB900AFC008 /* Project object */;
			proxyType = 1;
			remoteGlobalIDString = 238F37BB29005CB900AFC008;
			remoteInfo = Bitcoins;
		};
		238F37E029005CBB00AFC008 /* PBXContainerItemProxy */ = {
			isa = PBXContainerItemProxy;
			containerPortal = 238F37B429005CB900AFC008 /* Project object */;
			proxyType = 1;
			remoteGlobalIDString = 238F37BB29005CB900AFC008;
			remoteInfo = Bitcoins;
		};
/* End PBXContainerItemProxy section */

/* Begin PBXFileReference section */
		234AB50A290394200071EFCB /* BTCPresentationController.swift */ = {isa = PBXFileReference; lastKnownFileType = sourcecode.swift; path = BTCPresentationController.swift; sourceTree = "<group>"; };
		2350905D29026BEC00D809A2 /* OProgressView.swift */ = {isa = PBXFileReference; lastKnownFileType = sourcecode.swift; path = OProgressView.swift; sourceTree = "<group>"; };
		235090862902D1BB00D809A2 /* HistoryRateTableViewCell.swift */ = {isa = PBXFileReference; lastKnownFileType = sourcecode.swift; path = HistoryRateTableViewCell.swift; sourceTree = "<group>"; };
		235090882902D57300D809A2 /* RateHistoryTableViewController.swift */ = {isa = PBXFileReference; lastKnownFileType = sourcecode.swift; path = RateHistoryTableViewController.swift; sourceTree = "<group>"; };
		235F44802903BBB400A9A5F2 /* BTCPopDismissAnimationController.swift */ = {isa = PBXFileReference; lastKnownFileType = sourcecode.swift; path = BTCPopDismissAnimationController.swift; sourceTree = "<group>"; };
		235F44822903C1E300A9A5F2 /* BTCRecordSortViewController.swift */ = {isa = PBXFileReference; lastKnownFileType = sourcecode.swift; path = BTCRecordSortViewController.swift; sourceTree = "<group>"; };
		236851B92905726A00D70148 /* BitcoinsFakeTests.swift */ = {isa = PBXFileReference; lastKnownFileType = sourcecode.swift; path = BitcoinsFakeTests.swift; sourceTree = "<group>"; };
		236851BD2905795100D70148 /* BTCURLSessionMockTest.swift */ = {isa = PBXFileReference; lastKnownFileType = sourcecode.swift; path = BTCURLSessionMockTest.swift; sourceTree = "<group>"; };
		236851BF29058AEE00D70148 /* BTCNetworkMonitor.swift */ = {isa = PBXFileReference; lastKnownFileType = sourcecode.swift; path = BTCNetworkMonitor.swift; sourceTree = "<group>"; };
		238F37BC29005CB900AFC008 /* Bitcoins.app */ = {isa = PBXFileReference; explicitFileType = wrapper.application; includeInIndex = 0; path = Bitcoins.app; sourceTree = BUILT_PRODUCTS_DIR; };
		238F37BF29005CB900AFC008 /* AppDelegate.swift */ = {isa = PBXFileReference; lastKnownFileType = sourcecode.swift; path = AppDelegate.swift; sourceTree = "<group>"; };
		238F37C129005CB900AFC008 /* SceneDelegate.swift */ = {isa = PBXFileReference; lastKnownFileType = sourcecode.swift; path = SceneDelegate.swift; sourceTree = "<group>"; };
		238F37C329005CB900AFC008 /* ViewController.swift */ = {isa = PBXFileReference; lastKnownFileType = sourcecode.swift; path = ViewController.swift; sourceTree = "<group>"; };
		238F37C629005CB900AFC008 /* Base */ = {isa = PBXFileReference; lastKnownFileType = file.storyboard; name = Base; path = Base.lproj/Main.storyboard; sourceTree = "<group>"; };
		238F37C929005CB900AFC008 /* Bitcoins.xcdatamodel */ = {isa = PBXFileReference; lastKnownFileType = wrapper.xcdatamodel; path = Bitcoins.xcdatamodel; sourceTree = "<group>"; };
		238F37CB29005CBA00AFC008 /* Assets.xcassets */ = {isa = PBXFileReference; lastKnownFileType = folder.assetcatalog; path = Assets.xcassets; sourceTree = "<group>"; };
		238F37CE29005CBA00AFC008 /* Base */ = {isa = PBXFileReference; lastKnownFileType = file.storyboard; name = Base; path = Base.lproj/LaunchScreen.storyboard; sourceTree = "<group>"; };
		238F37D029005CBA00AFC008 /* Info.plist */ = {isa = PBXFileReference; lastKnownFileType = text.plist.xml; path = Info.plist; sourceTree = "<group>"; };
		238F37D529005CBB00AFC008 /* BitcoinsTests.xctest */ = {isa = PBXFileReference; explicitFileType = wrapper.cfbundle; includeInIndex = 0; path = BitcoinsTests.xctest; sourceTree = BUILT_PRODUCTS_DIR; };
		238F37D929005CBB00AFC008 /* BitcoinsTests.swift */ = {isa = PBXFileReference; lastKnownFileType = sourcecode.swift; path = BitcoinsTests.swift; sourceTree = "<group>"; };
		238F37DF29005CBB00AFC008 /* BitcoinsUITests.xctest */ = {isa = PBXFileReference; explicitFileType = wrapper.cfbundle; includeInIndex = 0; path = BitcoinsUITests.xctest; sourceTree = BUILT_PRODUCTS_DIR; };
		238F37E329005CBB00AFC008 /* BitcoinsUITests.swift */ = {isa = PBXFileReference; lastKnownFileType = sourcecode.swift; path = BitcoinsUITests.swift; sourceTree = "<group>"; };
		238F37E529005CBB00AFC008 /* BitcoinsUITestsLaunchTests.swift */ = {isa = PBXFileReference; lastKnownFileType = sourcecode.swift; path = BitcoinsUITestsLaunchTests.swift; sourceTree = "<group>"; };
/* End PBXFileReference section */

/* Begin PBXFrameworksBuildPhase section */
		238F37B929005CB900AFC008 /* Frameworks */ = {
			isa = PBXFrameworksBuildPhase;
			buildActionMask = 2147483647;
			files = (
			);
			runOnlyForDeploymentPostprocessing = 0;
		};
		238F37D229005CBB00AFC008 /* Frameworks */ = {
			isa = PBXFrameworksBuildPhase;
			buildActionMask = 2147483647;
			files = (
			);
			runOnlyForDeploymentPostprocessing = 0;
		};
		238F37DC29005CBB00AFC008 /* Frameworks */ = {
			isa = PBXFrameworksBuildPhase;
			buildActionMask = 2147483647;
			files = (
			);
			runOnlyForDeploymentPostprocessing = 0;
		};
/* End PBXFrameworksBuildPhase section */

/* Begin PBXGroup section */
		234279EC2912364500947F41 /* PresentTransition */ = {
			isa = PBXGroup;
			children = (
				234AB50A290394200071EFCB /* BTCPresentationController.swift */,
				235F44802903BBB400A9A5F2 /* BTCPopDismissAnimationController.swift */,
			);
			path = PresentTransition;
			sourceTree = "<group>";
		};
		234279EE29123C2B00947F41 /* ToolsForUnitTest */ = {
			isa = PBXGroup;
			children = (
				236851BD2905795100D70148 /* BTCURLSessionMockTest.swift */,
				236851BF29058AEE00D70148 /* BTCNetworkMonitor.swift */,
			);
			path = ToolsForUnitTest;
			sourceTree = "<group>";
		};
		238F37B329005CB900AFC008 = {
			isa = PBXGroup;
			children = (
				238F37BE29005CB900AFC008 /* Bitcoins */,
				238F37D829005CBB00AFC008 /* BitcoinsTests */,
				238F37E229005CBB00AFC008 /* BitcoinsUITests */,
				238F37BD29005CB900AFC008 /* Products */,
			);
			sourceTree = "<group>";
		};
		238F37BD29005CB900AFC008 /* Products */ = {
			isa = PBXGroup;
			children = (
				238F37BC29005CB900AFC008 /* Bitcoins.app */,
				238F37D529005CBB00AFC008 /* BitcoinsTests.xctest */,
				238F37DF29005CBB00AFC008 /* BitcoinsUITests.xctest */,
			);
			name = Products;
			sourceTree = "<group>";
		};
		238F37BE29005CB900AFC008 /* Bitcoins */ = {
			isa = PBXGroup;
			children = (
				234279EE29123C2B00947F41 /* ToolsForUnitTest */,
				234279EC2912364500947F41 /* PresentTransition */,
				238F37BF29005CB900AFC008 /* AppDelegate.swift */,
				238F37C129005CB900AFC008 /* SceneDelegate.swift */,
				238F37C329005CB900AFC008 /* ViewController.swift */,
				2350905D29026BEC00D809A2 /* OProgressView.swift */,
				235090882902D57300D809A2 /* RateHistoryTableViewController.swift */,
				235090862902D1BB00D809A2 /* HistoryRateTableViewCell.swift */,
				235F44822903C1E300A9A5F2 /* BTCRecordSortViewController.swift */,
				238F37C529005CB900AFC008 /* Main.storyboard */,
				238F37CB29005CBA00AFC008 /* Assets.xcassets */,
				238F37CD29005CBA00AFC008 /* LaunchScreen.storyboard */,
				238F37D029005CBA00AFC008 /* Info.plist */,
				238F37C829005CB900AFC008 /* Bitcoins.xcdatamodeld */,
			);
			path = Bitcoins;
			sourceTree = "<group>";
		};
		238F37D829005CBB00AFC008 /* BitcoinsTests */ = {
			isa = PBXGroup;
			children = (
				236851B92905726A00D70148 /* BitcoinsFakeTests.swift */,
				238F37D929005CBB00AFC008 /* BitcoinsTests.swift */,
			);
			path = BitcoinsTests;
			sourceTree = "<group>";
		};
		238F37E229005CBB00AFC008 /* BitcoinsUITests */ = {
			isa = PBXGroup;
			children = (
				238F37E329005CBB00AFC008 /* BitcoinsUITests.swift */,
				238F37E529005CBB00AFC008 /* BitcoinsUITestsLaunchTests.swift */,
			);
			path = BitcoinsUITests;
			sourceTree = "<group>";
		};
/* End PBXGroup section */

/* Begin PBXNativeTarget section */
		238F37BB29005CB900AFC008 /* Bitcoins */ = {
			isa = PBXNativeTarget;
			buildConfigurationList = 238F37E929005CBB00AFC008 /* Build configuration list for PBXNativeTarget "Bitcoins" */;
			buildPhases = (
				238F37B829005CB900AFC008 /* Sources */,
				238F37B929005CB900AFC008 /* Frameworks */,
				238F37BA29005CB900AFC008 /* Resources */,
			);
			buildRules = (
			);
			dependencies = (
			);
			name = Bitcoins;
			productName = Bitcoins;
			productReference = 238F37BC29005CB900AFC008 /* Bitcoins.app */;
			productType = "com.apple.product-type.application";
		};
		238F37D429005CBB00AFC008 /* BitcoinsTests */ = {
			isa = PBXNativeTarget;
			buildConfigurationList = 238F37EC29005CBB00AFC008 /* Build configuration list for PBXNativeTarget "BitcoinsTests" */;
			buildPhases = (
				238F37D129005CBB00AFC008 /* Sources */,
				238F37D229005CBB00AFC008 /* Frameworks */,
				238F37D329005CBB00AFC008 /* Resources */,
			);
			buildRules = (
			);
			dependencies = (
				238F37D729005CBB00AFC008 /* PBXTargetDependency */,
			);
			name = BitcoinsTests;
			productName = BitcoinsTests;
			productReference = 238F37D529005CBB00AFC008 /* BitcoinsTests.xctest */;
			productType = "com.apple.product-type.bundle.unit-test";
		};
		238F37DE29005CBB00AFC008 /* BitcoinsUITests */ = {
			isa = PBXNativeTarget;
			buildConfigurationList = 238F37EF29005CBB00AFC008 /* Build configuration list for PBXNativeTarget "BitcoinsUITests" */;
			buildPhases = (
				238F37DB29005CBB00AFC008 /* Sources */,
				238F37DC29005CBB00AFC008 /* Frameworks */,
				238F37DD29005CBB00AFC008 /* Resources */,
			);
			buildRules = (
			);
			dependencies = (
				238F37E129005CBB00AFC008 /* PBXTargetDependency */,
			);
			name = BitcoinsUITests;
			productName = BitcoinsUITests;
			productReference = 238F37DF29005CBB00AFC008 /* BitcoinsUITests.xctest */;
			productType = "com.apple.product-type.bundle.ui-testing";
		};
/* End PBXNativeTarget section */

/* Begin PBXProject section */
		238F37B429005CB900AFC008 /* Project object */ = {
			isa = PBXProject;
			attributes = {
				BuildIndependentTargetsInParallel = 1;
				LastSwiftUpdateCheck = 1400;
				LastUpgradeCheck = 1400;
				TargetAttributes = {
					238F37BB29005CB900AFC008 = {
						CreatedOnToolsVersion = 14.0.1;
					};
					238F37D429005CBB00AFC008 = {
						CreatedOnToolsVersion = 14.0.1;
						TestTargetID = 238F37BB29005CB900AFC008;
					};
					238F37DE29005CBB00AFC008 = {
						CreatedOnToolsVersion = 14.0.1;
						TestTargetID = 238F37BB29005CB900AFC008;
					};
				};
			};
			buildConfigurationList = 238F37B729005CB900AFC008 /* Build configuration list for PBXProject "Bitcoins" */;
			compatibilityVersion = "Xcode 13.0";
			developmentRegion = en;
			hasScannedForEncodings = 0;
			knownRegions = (
				en,
				Base,
			);
			mainGroup = 238F37B329005CB900AFC008;
			productRefGroup = 238F37BD29005CB900AFC008 /* Products */;
			projectDirPath = "";
			projectRoot = "";
			targets = (
				238F37BB29005CB900AFC008 /* Bitcoins */,
				238F37D429005CBB00AFC008 /* BitcoinsTests */,
				238F37DE29005CBB00AFC008 /* BitcoinsUITests */,
			);
		};
/* End PBXProject section */

/* Begin PBXResourcesBuildPhase section */
		238F37BA29005CB900AFC008 /* Resources */ = {
			isa = PBXResourcesBuildPhase;
			buildActionMask = 2147483647;
			files = (
				238F37CF29005CBA00AFC008 /* LaunchScreen.storyboard in Resources */,
				238F37CC29005CBA00AFC008 /* Assets.xcassets in Resources */,
				238F37C729005CB900AFC008 /* Main.storyboard in Resources */,
			);
			runOnlyForDeploymentPostprocessing = 0;
		};
		238F37D329005CBB00AFC008 /* Resources */ = {
			isa = PBXResourcesBuildPhase;
			buildActionMask = 2147483647;
			files = (
			);
			runOnlyForDeploymentPostprocessing = 0;
		};
		238F37DD29005CBB00AFC008 /* Resources */ = {
			isa = PBXResourcesBuildPhase;
			buildActionMask = 2147483647;
			files = (
			);
			runOnlyForDeploymentPostprocessing = 0;
		};
/* End PBXResourcesBuildPhase section */

/* Begin PBXSourcesBuildPhase section */
		238F37B829005CB900AFC008 /* Sources */ = {
			isa = PBXSourcesBuildPhase;
			buildActionMask = 2147483647;
			files = (
				238F37CA29005CB900AFC008 /* Bitcoins.xcdatamodeld in Sources */,
				238F37C429005CB900AFC008 /* ViewController.swift in Sources */,
				238F37C029005CB900AFC008 /* AppDelegate.swift in Sources */,
				235F44812903BBB400A9A5F2 /* BTCPopDismissAnimationController.swift in Sources */,
				234AB50B290394200071EFCB /* BTCPresentationController.swift in Sources */,
				236851C029058AEE00D70148 /* BTCNetworkMonitor.swift in Sources */,
				2350905E29026BEC00D809A2 /* OProgressView.swift in Sources */,
				235090872902D1BB00D809A2 /* HistoryRateTableViewCell.swift in Sources */,
				235090892902D57300D809A2 /* RateHistoryTableViewController.swift in Sources */,
				235F44832903C1E300A9A5F2 /* BTCRecordSortViewController.swift in Sources */,
				236851BE2905795100D70148 /* BTCURLSessionMockTest.swift in Sources */,
				238F37C229005CB900AFC008 /* SceneDelegate.swift in Sources */,
			);
			runOnlyForDeploymentPostprocessing = 0;
		};
		238F37D129005CBB00AFC008 /* Sources */ = {
			isa = PBXSourcesBuildPhase;
			buildActionMask = 2147483647;
			files = (
				238F37DA29005CBB00AFC008 /* BitcoinsTests.swift in Sources */,
				236851BA2905726A00D70148 /* BitcoinsFakeTests.swift in Sources */,
			);
			runOnlyForDeploymentPostprocessing = 0;
		};
		238F37DB29005CBB00AFC008 /* Sources */ = {
			isa = PBXSourcesBuildPhase;
			buildActionMask = 2147483647;
			files = (
				238F37E629005CBB00AFC008 /* BitcoinsUITestsLaunchTests.swift in Sources */,
				238F37E429005CBB00AFC008 /* BitcoinsUITests.swift in Sources */,
			);
			runOnlyForDeploymentPostprocessing = 0;
		};
/* End PBXSourcesBuildPhase section */

/* Begin PBXTargetDependency section */
		238F37D729005CBB00AFC008 /* PBXTargetDependency */ = {
			isa = PBXTargetDependency;
			target = 238F37BB29005CB900AFC008 /* Bitcoins */;
			targetProxy = 238F37D629005CBB00AFC008 /* PBXContainerItemProxy */;
		};
		238F37E129005CBB00AFC008 /* PBXTargetDependency */ = {
			isa = PBXTargetDependency;
			target = 238F37BB29005CB900AFC008 /* Bitcoins */;
			targetProxy = 238F37E029005CBB00AFC008 /* PBXContainerItemProxy */;
		};
/* End PBXTargetDependency section */

/* Begin PBXVariantGroup section */
		238F37C529005CB900AFC008 /* Main.storyboard */ = {
			isa = PBXVariantGroup;
			children = (
				238F37C629005CB900AFC008 /* Base */,
			);
			name = Main.storyboard;
			sourceTree = "<group>";
		};
		238F37CD29005CBA00AFC008 /* LaunchScreen.storyboard */ = {
			isa = PBXVariantGroup;
			children = (
				238F37CE29005CBA00AFC008 /* Base */,
			);
			name = LaunchScreen.storyboard;
			sourceTree = "<group>";
		};
/* End PBXVariantGroup section */

/* Begin XCBuildConfiguration section */
		238F37E729005CBB00AFC008 /* Debug */ = {
			isa = XCBuildConfiguration;
			buildSettings = {
				ALWAYS_SEARCH_USER_PATHS = NO;
				CLANG_ANALYZER_NONNULL = YES;
				CLANG_ANALYZER_NUMBER_OBJECT_CONVERSION = YES_AGGRESSIVE;
				CLANG_CXX_LANGUAGE_STANDARD = "gnu++20";
				CLANG_ENABLE_MODULES = YES;
				CLANG_ENABLE_OBJC_ARC = YES;
				CLANG_ENABLE_OBJC_WEAK = YES;
				CLANG_WARN_BLOCK_CAPTURE_AUTORELEASING = YES;
				CLANG_WARN_BOOL_CONVERSION = YES;
				CLANG_WARN_COMMA = YES;
				CLANG_WARN_CONSTANT_CONVERSION = YES;
				CLANG_WARN_DEPRECATED_OBJC_IMPLEMENTATIONS = YES;
				CLANG_WARN_DIRECT_OBJC_ISA_USAGE = YES_ERROR;
				CLANG_WARN_DOCUMENTATION_COMMENTS = YES;
				CLANG_WARN_EMPTY_BODY = YES;
				CLANG_WARN_ENUM_CONVERSION = YES;
				CLANG_WARN_INFINITE_RECURSION = YES;
				CLANG_WARN_INT_CONVERSION = YES;
				CLANG_WARN_NON_LITERAL_NULL_CONVERSION = YES;
				CLANG_WARN_OBJC_IMPLICIT_RETAIN_SELF = YES;
				CLANG_WARN_OBJC_LITERAL_CONVERSION = YES;
				CLANG_WARN_OBJC_ROOT_CLASS = YES_ERROR;
				CLANG_WARN_QUOTED_INCLUDE_IN_FRAMEWORK_HEADER = YES;
				CLANG_WARN_RANGE_LOOP_ANALYSIS = YES;
				CLANG_WARN_STRICT_PROTOTYPES = YES;
				CLANG_WARN_SUSPICIOUS_MOVE = YES;
				CLANG_WARN_UNGUARDED_AVAILABILITY = YES_AGGRESSIVE;
				CLANG_WARN_UNREACHABLE_CODE = YES;
				CLANG_WARN__DUPLICATE_METHOD_MATCH = YES;
				COPY_PHASE_STRIP = NO;
				DEBUG_INFORMATION_FORMAT = dwarf;
				ENABLE_STRICT_OBJC_MSGSEND = YES;
				ENABLE_TESTABILITY = YES;
				GCC_C_LANGUAGE_STANDARD = gnu11;
				GCC_DYNAMIC_NO_PIC = NO;
				GCC_NO_COMMON_BLOCKS = YES;
				GCC_OPTIMIZATION_LEVEL = 0;
				GCC_PREPROCESSOR_DEFINITIONS = (
					"DEBUG=1",
					"$(inherited)",
				);
				GCC_WARN_64_TO_32_BIT_CONVERSION = YES;
				GCC_WARN_ABOUT_RETURN_TYPE = YES_ERROR;
				GCC_WARN_UNDECLARED_SELECTOR = YES;
				GCC_WARN_UNINITIALIZED_AUTOS = YES_AGGRESSIVE;
				GCC_WARN_UNUSED_FUNCTION = YES;
				GCC_WARN_UNUSED_VARIABLE = YES;
				IPHONEOS_DEPLOYMENT_TARGET = 15.0;
				MTL_ENABLE_DEBUG_INFO = INCLUDE_SOURCE;
				MTL_FAST_MATH = YES;
				ONLY_ACTIVE_ARCH = YES;
				SDKROOT = iphoneos;
				SWIFT_ACTIVE_COMPILATION_CONDITIONS = DEBUG;
				SWIFT_OPTIMIZATION_LEVEL = "-Onone";
			};
			name = Debug;
		};
		238F37E829005CBB00AFC008 /* Release */ = {
			isa = XCBuildConfiguration;
			buildSettings = {
				ALWAYS_SEARCH_USER_PATHS = NO;
				CLANG_ANALYZER_NONNULL = YES;
				CLANG_ANALYZER_NUMBER_OBJECT_CONVERSION = YES_AGGRESSIVE;
				CLANG_CXX_LANGUAGE_STANDARD = "gnu++20";
				CLANG_ENABLE_MODULES = YES;
				CLANG_ENABLE_OBJC_ARC = YES;
				CLANG_ENABLE_OBJC_WEAK = YES;
				CLANG_WARN_BLOCK_CAPTURE_AUTORELEASING = YES;
				CLANG_WARN_BOOL_CONVERSION = YES;
				CLANG_WARN_COMMA = YES;
				CLANG_WARN_CONSTANT_CONVERSION = YES;
				CLANG_WARN_DEPRECATED_OBJC_IMPLEMENTATIONS = YES;
				CLANG_WARN_DIRECT_OBJC_ISA_USAGE = YES_ERROR;
				CLANG_WARN_DOCUMENTATION_COMMENTS = YES;
				CLANG_WARN_EMPTY_BODY = YES;
				CLANG_WARN_ENUM_CONVERSION = YES;
				CLANG_WARN_INFINITE_RECURSION = YES;
				CLANG_WARN_INT_CONVERSION = YES;
				CLANG_WARN_NON_LITERAL_NULL_CONVERSION = YES;
				CLANG_WARN_OBJC_IMPLICIT_RETAIN_SELF = YES;
				CLANG_WARN_OBJC_LITERAL_CONVERSION = YES;
				CLANG_WARN_OBJC_ROOT_CLASS = YES_ERROR;
				CLANG_WARN_QUOTED_INCLUDE_IN_FRAMEWORK_HEADER = YES;
				CLANG_WARN_RANGE_LOOP_ANALYSIS = YES;
				CLANG_WARN_STRICT_PROTOTYPES = YES;
				CLANG_WARN_SUSPICIOUS_MOVE = YES;
				CLANG_WARN_UNGUARDED_AVAILABILITY = YES_AGGRESSIVE;
				CLANG_WARN_UNREACHABLE_CODE = YES;
				CLANG_WARN__DUPLICATE_METHOD_MATCH = YES;
				COPY_PHASE_STRIP = NO;
				DEBUG_INFORMATION_FORMAT = "dwarf-with-dsym";
				ENABLE_NS_ASSERTIONS = NO;
				ENABLE_STRICT_OBJC_MSGSEND = YES;
				GCC_C_LANGUAGE_STANDARD = gnu11;
				GCC_NO_COMMON_BLOCKS = YES;
				GCC_WARN_64_TO_32_BIT_CONVERSION = YES;
				GCC_WARN_ABOUT_RETURN_TYPE = YES_ERROR;
				GCC_WARN_UNDECLARED_SELECTOR = YES;
				GCC_WARN_UNINITIALIZED_AUTOS = YES_AGGRESSIVE;
				GCC_WARN_UNUSED_FUNCTION = YES;
				GCC_WARN_UNUSED_VARIABLE = YES;
				IPHONEOS_DEPLOYMENT_TARGET = 15.0;
				MTL_ENABLE_DEBUG_INFO = NO;
				MTL_FAST_MATH = YES;
				SDKROOT = iphoneos;
				SWIFT_COMPILATION_MODE = wholemodule;
				SWIFT_OPTIMIZATION_LEVEL = "-O";
				VALIDATE_PRODUCT = YES;
			};
			name = Release;
		};
		238F37EA29005CBB00AFC008 /* Debug */ = {
			isa = XCBuildConfiguration;
			buildSettings = {
				ASSETCATALOG_COMPILER_APPICON_NAME = AppIcon;
				ASSETCATALOG_COMPILER_GLOBAL_ACCENT_COLOR_NAME = AccentColor;
				CODE_SIGN_STYLE = Automatic;
				CURRENT_PROJECT_VERSION = 1;
				DEVELOPMENT_TEAM = U5XDFK9FKQ;
				GENERATE_INFOPLIST_FILE = YES;
				INFOPLIST_FILE = Bitcoins/Info.plist;
				INFOPLIST_KEY_LSApplicationCategoryType = "public.app-category.finance";
				INFOPLIST_KEY_UIApplicationSupportsIndirectInputEvents = YES;
				INFOPLIST_KEY_UILaunchStoryboardName = LaunchScreen;
				INFOPLIST_KEY_UIMainStoryboardFile = Main;
				INFOPLIST_KEY_UISupportedInterfaceOrientations_iPad = UIInterfaceOrientationPortrait;
				INFOPLIST_KEY_UISupportedInterfaceOrientations_iPhone = UIInterfaceOrientationPortrait;
				INFOPLIST_KEY_UIUserInterfaceStyle = Light;
				IPHONEOS_DEPLOYMENT_TARGET = 15.0;
				LD_RUNPATH_SEARCH_PATHS = (
					"$(inherited)",
					"@executable_path/Frameworks",
				);
				MARKETING_VERSION = 1.0;
				PRODUCT_BUNDLE_IDENTIFIER = com.Neversitup.Bitcoins;
				PRODUCT_NAME = "$(TARGET_NAME)";
				SUPPORTED_PLATFORMS = "iphoneos iphonesimulator";
				SUPPORTS_MACCATALYST = NO;
				SUPPORTS_MAC_DESIGNED_FOR_IPHONE_IPAD = NO;
				SWIFT_EMIT_LOC_STRINGS = YES;
				SWIFT_VERSION = 5.0;
				TARGETED_DEVICE_FAMILY = 1;
			};
			name = Debug;
		};
		238F37EB29005CBB00AFC008 /* Release */ = {
			isa = XCBuildConfiguration;
			buildSettings = {
				ASSETCATALOG_COMPILER_APPICON_NAME = AppIcon;
				ASSETCATALOG_COMPILER_GLOBAL_ACCENT_COLOR_NAME = AccentColor;
				CODE_SIGN_STYLE = Automatic;
				CURRENT_PROJECT_VERSION = 1;
				DEVELOPMENT_TEAM = U5XDFK9FKQ;
				GENERATE_INFOPLIST_FILE = YES;
				INFOPLIST_FILE = Bitcoins/Info.plist;
				INFOPLIST_KEY_LSApplicationCategoryType = "public.app-category.finance";
				INFOPLIST_KEY_UIApplicationSupportsIndirectInputEvents = YES;
				INFOPLIST_KEY_UILaunchStoryboardName = LaunchScreen;
				INFOPLIST_KEY_UIMainStoryboardFile = Main;
				INFOPLIST_KEY_UISupportedInterfaceOrientations_iPad = UIInterfaceOrientationPortrait;
				INFOPLIST_KEY_UISupportedInterfaceOrientations_iPhone = UIInterfaceOrientationPortrait;
				INFOPLIST_KEY_UIUserInterfaceStyle = Light;
				IPHONEOS_DEPLOYMENT_TARGET = 15.0;
				LD_RUNPATH_SEARCH_PATHS = (
					"$(inherited)",
					"@executable_path/Frameworks",
				);
				MARKETING_VERSION = 1.0;
				PRODUCT_BUNDLE_IDENTIFIER = com.Neversitup.Bitcoins;
				PRODUCT_NAME = "$(TARGET_NAME)";
				SUPPORTED_PLATFORMS = "iphoneos iphonesimulator";
				SUPPORTS_MACCATALYST = NO;
				SUPPORTS_MAC_DESIGNED_FOR_IPHONE_IPAD = NO;
				SWIFT_EMIT_LOC_STRINGS = YES;
				SWIFT_VERSION = 5.0;
				TARGETED_DEVICE_FAMILY = 1;
			};
			name = Release;
		};
		238F37ED29005CBB00AFC008 /* Debug */ = {
			isa = XCBuildConfiguration;
			buildSettings = {
				ALWAYS_EMBED_SWIFT_STANDARD_LIBRARIES = YES;
				BUNDLE_LOADER = "$(TEST_HOST)";
				CODE_SIGN_STYLE = Automatic;
				CURRENT_PROJECT_VERSION = 1;
				DEVELOPMENT_TEAM = U5XDFK9FKQ;
				GENERATE_INFOPLIST_FILE = YES;
				IPHONEOS_DEPLOYMENT_TARGET = 15.0;
				MARKETING_VERSION = 1.0;
				PRODUCT_BUNDLE_IDENTIFIER = com.Neversitup.BitcoinsTests;
				PRODUCT_NAME = "$(TARGET_NAME)";
				SWIFT_EMIT_LOC_STRINGS = NO;
				SWIFT_VERSION = 5.0;
				TARGETED_DEVICE_FAMILY = "1,2";
				TEST_HOST = "$(BUILT_PRODUCTS_DIR)/Bitcoins.app/$(BUNDLE_EXECUTABLE_FOLDER_PATH)/Bitcoins";
			};
			name = Debug;
		};
		238F37EE29005CBB00AFC008 /* Release */ = {
			isa = XCBuildConfiguration;
			buildSettings = {
				ALWAYS_EMBED_SWIFT_STANDARD_LIBRARIES = YES;
				BUNDLE_LOADER = "$(TEST_HOST)";
				CODE_SIGN_STYLE = Automatic;
				CURRENT_PROJECT_VERSION = 1;
				DEVELOPMENT_TEAM = U5XDFK9FKQ;
				GENERATE_INFOPLIST_FILE = YES;
				IPHONEOS_DEPLOYMENT_TARGET = 15.0;
				MARKETING_VERSION = 1.0;
				PRODUCT_BUNDLE_IDENTIFIER = com.Neversitup.BitcoinsTests;
				PRODUCT_NAME = "$(TARGET_NAME)";
				SWIFT_EMIT_LOC_STRINGS = NO;
				SWIFT_VERSION = 5.0;
				TARGETED_DEVICE_FAMILY = "1,2";
				TEST_HOST = "$(BUILT_PRODUCTS_DIR)/Bitcoins.app/$(BUNDLE_EXECUTABLE_FOLDER_PATH)/Bitcoins";
			};
			name = Release;
		};
		238F37F029005CBB00AFC008 /* Debug */ = {
			isa = XCBuildConfiguration;
			buildSettings = {
				ALWAYS_EMBED_SWIFT_STANDARD_LIBRARIES = YES;
				CODE_SIGN_STYLE = Automatic;
				CURRENT_PROJECT_VERSION = 1;
				DEVELOPMENT_TEAM = U5XDFK9FKQ;
				GENERATE_INFOPLIST_FILE = YES;
				MARKETING_VERSION = 1.0;
				PRODUCT_BUNDLE_IDENTIFIER = com.Neversitup.BitcoinsUITests;
				PRODUCT_NAME = "$(TARGET_NAME)";
				SWIFT_EMIT_LOC_STRINGS = NO;
				SWIFT_VERSION = 5.0;
				TARGETED_DEVICE_FAMILY = "1,2";
				TEST_TARGET_NAME = Bitcoins;
			};
			name = Debug;
		};
		238F37F129005CBB00AFC008 /* Release */ = {
			isa = XCBuildConfiguration;
			buildSettings = {
				ALWAYS_EMBED_SWIFT_STANDARD_LIBRARIES = YES;
				CODE_SIGN_STYLE = Automatic;
				CURRENT_PROJECT_VERSION = 1;
				DEVELOPMENT_TEAM = U5XDFK9FKQ;
				GENERATE_INFOPLIST_FILE = YES;
				MARKETING_VERSION = 1.0;
				PRODUCT_BUNDLE_IDENTIFIER = com.Neversitup.BitcoinsUITests;
				PRODUCT_NAME = "$(TARGET_NAME)";
				SWIFT_EMIT_LOC_STRINGS = NO;
				SWIFT_VERSION = 5.0;
				TARGETED_DEVICE_FAMILY = "1,2";
				TEST_TARGET_NAME = Bitcoins;
			};
			name = Release;
		};
/* End XCBuildConfiguration section */

/* Begin XCConfigurationList section */
		238F37B729005CB900AFC008 /* Build configuration list for PBXProject "Bitcoins" */ = {
			isa = XCConfigurationList;
			buildConfigurations = (
				238F37E729005CBB00AFC008 /* Debug */,
				238F37E829005CBB00AFC008 /* Release */,
			);
			defaultConfigurationIsVisible = 0;
			defaultConfigurationName = Release;
		};
		238F37E929005CBB00AFC008 /* Build configuration list for PBXNativeTarget "Bitcoins" */ = {
			isa = XCConfigurationList;
			buildConfigurations = (
				238F37EA29005CBB00AFC008 /* Debug */,
				238F37EB29005CBB00AFC008 /* Release */,
			);
			defaultConfigurationIsVisible = 0;
			defaultConfigurationName = Release;
		};
		238F37EC29005CBB00AFC008 /* Build configuration list for PBXNativeTarget "BitcoinsTests" */ = {
			isa = XCConfigurationList;
			buildConfigurations = (
				238F37ED29005CBB00AFC008 /* Debug */,
				238F37EE29005CBB00AFC008 /* Release */,
			);
			defaultConfigurationIsVisible = 0;
			defaultConfigurationName = Release;
		};
		238F37EF29005CBB00AFC008 /* Build configuration list for PBXNativeTarget "BitcoinsUITests" */ = {
			isa = XCConfigurationList;
			buildConfigurations = (
				238F37F029005CBB00AFC008 /* Debug */,
				238F37F129005CBB00AFC008 /* Release */,
			);
			defaultConfigurationIsVisible = 0;
			defaultConfigurationName = Release;
		};
/* End XCConfigurationList section */

/* Begin XCVersionGroup section */
		238F37C829005CB900AFC008 /* Bitcoins.xcdatamodeld */ = {
			isa = XCVersionGroup;
			children = (
				238F37C929005CB900AFC008 /* Bitcoins.xcdatamodel */,
			);
			currentVersion = 238F37C929005CB900AFC008 /* Bitcoins.xcdatamodel */;
			path = Bitcoins.xcdatamodeld;
			sourceTree = "<group>";
			versionGroupType = wrapper.xcdatamodel;
		};
/* End XCVersionGroup section */
	};
	rootObject = 238F37B429005CB900AFC008 /* Project object */;
}
